{
  "version": 4,
  "terraform_version": "1.15.6",
  "serial": 6,
  "lineage": "d1f74dc5-93b4-11dd-5f7b-f74d9a325414",
  "outputs": {
    "master_public_ip": {
      "value": "46.224.150.48",
      "type": "string"
    },
    "worker_public_ips": {
      "value": [
        "46.224.156.122",
        "167.233.80.145"
      ],
      "type": [
        "tuple",
        [
          "string",
          "string"
        ]
      ]
    }
  },
  "resources": [
    {
      "mode": "managed",
      "type": "hcloud_server",
      "name": "k8s_master",
      "provider": "provider[\"registry.terraform.io/hetznercloud/hcloud\"]",
      "instances": [
        {
          "schema_version": 0,
          "attributes": {
            "allow_deprecated_images": false,
            "backup_window": "",
            "backups": false,
            "datacenter": "",
            "delete_protection": false,
            "firewall_ids": [],
            "id": "148819604",
            "ignore_remote_firewall_ids": false,
            "image": "ubuntu-24.04",
            "ipv4_address": "46.224.150.48",
            "ipv6_address": "2a01:4f8:1c19:ce15::1",
            "ipv6_network": "2a01:4f8:1c19:ce15::/64",
            "iso": null,
            "keep_disk": false,
            "labels": null,
            "location": "",
            "name": "k8s-control-plane",
            "network": [],
            "placement_group_id": null,
            "primary_disk_size": 40,
            "public_net": [],
            "rebuild_protection": false,
            "rescue": null,
            "server_type": "cx23",
            "shutdown_before_deletion": false,
            "ssh_keys": [
              "114806213"
            ],
            "status": "running",
            "timeouts": null,
            "user_data": null
          },
          "sensitive_attributes": [],
          "identity_schema_version": 0,
          "private": "eyJlMmJmYjczMC1lY2FhLTExZTYtOGY4OC0zNDM2M2JjN2M0YzAiOnsiY3JlYXRlIjo1NDAwMDAwMDAwMDAwfX0=",
          "dependencies": [
            "hcloud_ssh_key.sre_key"
          ]
        }
      ]
    },
    {
      "mode": "managed",
      "type": "hcloud_server",
      "name": "k8s_workers",
      "provider": "provider[\"registry.terraform.io/hetznercloud/hcloud\"]",
      "instances": [
        {
          "index_key": 0,
          "schema_version": 0,
          "attributes": {
            "allow_deprecated_images": false,
            "backup_window": "",
            "backups": false,
            "datacenter": "",
            "delete_protection": false,
            "firewall_ids": [],
            "id": "148819602",
            "ignore_remote_firewall_ids": false,
            "image": "ubuntu-24.04",
            "ipv4_address": "46.224.156.122",
            "ipv6_address": "2a01:4f8:1c18:21e6::1",
            "ipv6_network": "2a01:4f8:1c18:21e6::/64",
            "iso": null,
            "keep_disk": false,
            "labels": null,
            "location": "",
            "name": "k8s-worker-01",
            "network": [],
            "placement_group_id": null,
            "primary_disk_size": 40,
            "public_net": [],
            "rebuild_protection": false,
            "rescue": null,
            "server_type": "cx23",
            "shutdown_before_deletion": false,
            "ssh_keys": [
              "114806213"
            ],
            "status": "running",
            "timeouts": null,
            "user_data": null
          },
          "sensitive_attributes": [],
          "identity_schema_version": 0,
          "private": "eyJlMmJmYjczMC1lY2FhLTExZTYtOGY4OC0zNDM2M2JjN2M0YzAiOnsiY3JlYXRlIjo1NDAwMDAwMDAwMDAwfX0=",
          "dependencies": [
            "hcloud_ssh_key.sre_key"
          ]
        },
        {
          "index_key": 1,
          "schema_version": 0,
          "attributes": {
            "allow_deprecated_images": false,
            "backup_window": "",
            "backups": false,
            "datacenter": "",
            "delete_protection": false,
            "firewall_ids": [],
            "id": "148819603",
            "ignore_remote_firewall_ids": false,
            "image": "ubuntu-24.04",
            "ipv4_address": "167.233.80.145",
            "ipv6_address": "2a01:4f8:1c18:f808::1",
            "ipv6_network": "2a01:4f8:1c18:f808::/64",
            "iso": null,
            "keep_disk": false,
            "labels": null,
            "location": "",
            "name": "k8s-worker-02",
            "network": [],
            "placement_group_id": null,
            "primary_disk_size": 40,
            "public_net": [],
            "rebuild_protection": false,
            "rescue": null,
            "server_type": "cx23",
            "shutdown_before_deletion": false,
            "ssh_keys": [
              "114806213"
            ],
            "status": "running",
            "timeouts": null,
            "user_data": null
          },
          "sensitive_attributes": [],
          "identity_schema_version": 0,
          "private": "eyJlMmJmYjczMC1lY2FhLTExZTYtOGY4OC0zNDM2M2JjN2M0YzAiOnsiY3JlYXRlIjo1NDAwMDAwMDAwMDAwfX0=",
          "dependencies": [
            "hcloud_ssh_key.sre_key"
          ]
        }
      ]
    },
    {
      "mode": "managed",
      "type": "hcloud_ssh_key",
      "name": "sre_key",
      "provider": "provider[\"registry.terraform.io/hetznercloud/hcloud\"]",
      "instances": [
        {
          "schema_version": 0,
          "attributes": {
            "fingerprint": "f2:85:0b:d6:52:e5:60:de:03:ac:27:bc:04:39:5f:bd",
            "id": "114806213",
            "labels": null,
            "name": "enterprise-sre-key",
            "public_key": "ssh-ed25519 AAAAC3NzaC1lZDI1NTE5AAAAIMQ0BELsq0aMkc7mKnb+Okyy6rTKF2ICtUij4uAFsurm enterprise-k8s-sre\n"
          },
          "sensitive_attributes": [],
          "identity_schema_version": 0,
          "private": "bnVsbA=="
        }
      ]
    }
  ],
  "check_results": null
}
